schema: '2.0'
stages:
  stage_00_raw_data_ingestion:
    cmd: python src/neural_profit/stages/stage_00_raw_data_ingestion.py
    deps:
    - path: data/source
      hash: md5
      md5: 918f120b04627d59b0d27aea55ec6049.dir
      size: 99896000
      nfiles: 22
    - path: src/neural_profit/stages/stage_00_raw_data_ingestion.py
      hash: md5
      md5: 1c54a76d6c0a891fa7d41ca6b45379fe
      size: 7284
    outs:
    - path: data/raw/mnq_raw.parquet
      hash: md5
      md5: 7926c5d3729c93ec15fbff34007adcdf
      size: 33576640
    - path: reports/ingest_summary.json
      hash: md5
      md5: 4ba21dbff97ee00e2c8942dad1fa9ca6
      size: 250
  stage_01_intraday_data_preparation:
    cmd: "python src/neural_profit/stages/stage_01_intraday_data_preparation.py --raw-path
      data/raw/mnq_raw.parquet --out-parquet data/processed/mnq_intraday.parquet --out-summary
      reports/dataset_prep_summary.json\n"
    deps:
    - path: data/raw/mnq_raw.parquet
      hash: md5
      md5: 7926c5d3729c93ec15fbff34007adcdf
      size: 33576640
    - path: src/neural_profit/stages/stage_01_intraday_data_preparation.py
      hash: md5
      md5: a954a957840d7329c7ff1cb79bb81066
      size: 19262
    outs:
    - path: data/processed/mnq_intraday.parquet
      hash: md5
      md5: d228bdc8e0fd4298bed3102849f8854e
      size: 13780160
    - path: reports/dataset_prep_summary.json
      hash: md5
      md5: 5fb4f3445f930751bcd7bef2673f6e89
      size: 559
  stage_02_data_quality_validation:
    cmd: "python src/neural_profit/stages/stage_02_data_quality_validation.py --input
      data/processed/mnq_intraday.parquet --output reports/data_validation.json --expected_freq_seconds
      60 --expected_minutes_per_day 451 --max_incomplete_days_ratio 0.01 --max_gap_seconds
      60 --max_total_nan_ratio 0.001 --max_col_nan_ratio 0.002\n"
    deps:
    - path: data/processed/mnq_intraday.parquet
      hash: md5
      md5: d228bdc8e0fd4298bed3102849f8854e
      size: 13780160
    - path: src/neural_profit/stages/stage_02_data_quality_validation.py
      hash: md5
      md5: b29e5008beaab2537057f54fd4fc8aca
      size: 10574
    params:
      params.yaml:
        data_quality:
          expected_freq_seconds: 60
          expected_minutes_per_day: 451
          max_incomplete_days_ratio: 0.01
          max_gap_seconds: 60
          max_total_nan_ratio: 0.001
          max_col_nan_ratio: 0.002
          allow_weekends: true
    outs:
    - path: reports/data_validation.json
      hash: md5
      md5: a9ecbc39470df18f5d356178a5820af0
      size: 803
  stage_03_target_definition:
    cmd: "python src/neural_profit/stages/stage_03_target_definition.py --input-path
      data/processed/mnq_intraday.parquet --output-labeled-path data/processed/mnq_intraday_labeled.parquet
      --summary-path reports/target_definition_summary.json --date-col date --close-col
      close --horizons 60 90 --base-pts 25.0 --ext-pts 62.5\n"
    deps:
    - path: data/processed/mnq_intraday.parquet
      hash: md5
      md5: d228bdc8e0fd4298bed3102849f8854e
      size: 13780160
    - path: src/neural_profit/stages/stage_03_target_definition.py
      hash: md5
      md5: e9853b46dcdd36279c37ca6ae3cd42a8
      size: 13492
    params:
      params.yaml:
        target_definition.base_pts: 25.0
        target_definition.ext_pts: 62.5
        target_definition.horizons:
        - 60
        - 90
    outs:
    - path: data/processed/mnq_intraday_labeled.parquet
      hash: md5
      md5: 3e6c938b1184de0b0f4e5f40ff388e35
      size: 15992926
    - path: reports/target_definition_summary.json
      hash: md5
      md5: 9a8be49b3b7a578d14668b68217a8c77
      size: 5212
  stage_03a_target_investigation:
    cmd: "python -u src/neural_profit/stages/stage_03a_target_investigation.py\n"
    deps:
    - path: data/processed/mnq_intraday.parquet
      hash: md5
      md5: d228bdc8e0fd4298bed3102849f8854e
      size: 13780160
    - path: src/neural_profit/stages/stage_03a_target_investigation.py
      hash: md5
      md5: 731683159d7436770008374a2b1cb557
      size: 23345
    outs:
    - path: reports/target_investigation_summary.json
      hash: md5
      md5: 293c202259f0e738c5f406a3d673e736
      size: 877
  stage_03b_target_definition:
    cmd: "python -u src/neural_profit/stages/stage_03b_target_definition.py\n"
    deps:
    - path: data/processed/mnq_intraday.parquet
      hash: md5
      md5: d228bdc8e0fd4298bed3102849f8854e
      size: 13780160
    - path: reports/target_investigation_summary.json
      hash: md5
      md5: 293c202259f0e738c5f406a3d673e736
      size: 877
    - path: src/neural_profit/stages/stage_03b_target_definition.py
      hash: md5
      md5: 068ea5208480a5bcfec6c80e61f1d285
      size: 13818
    outs:
    - path: data/processed/mnq_intraday_labeled.parquet
      hash: md5
      md5: 831120b119303db1afd5084575cfe6df
      size: 13875267
    - path: reports/target_definition_summary.json
      hash: md5
      md5: 6d7282f3db01edf86493e874eb5520ff
      size: 494
