schema: '2.0'
stages:
  stage_00_raw_data_ingestion:
    cmd: python src/neural_profit/stages/stage_00_raw_data_ingestion.py
    deps:
    - path: data/source
      hash: md5
      md5: 918f120b04627d59b0d27aea55ec6049.dir
      size: 99896000
      nfiles: 22
    - path: src/neural_profit/stages/stage_00_raw_data_ingestion.py
      hash: md5
      md5: 1401cbea1471d2cb7e9476105ac37f5f
      size: 6745
    outs:
    - path: data/raw/mnq_raw.parquet
      hash: md5
      md5: 7926c5d3729c93ec15fbff34007adcdf
      size: 33576640
    - path: reports/ingest_summary.json
      hash: md5
      md5: 4ba21dbff97ee00e2c8942dad1fa9ca6
      size: 250
  stage_01_intraday_data_preparation:
    cmd: "python src/neural_profit/stages/stage_01_intraday_data_preparation.py --raw-path
      data/raw/mnq_raw.parquet --out-parquet data/processed/mnq_intraday.parquet --out-summary
      reports/dataset_prep_summary.json\n"
    deps:
    - path: data/raw/mnq_raw.parquet
      hash: md5
      md5: 7926c5d3729c93ec15fbff34007adcdf
      size: 33576640
    - path: src/neural_profit/stages/stage_01_intraday_data_preparation.py
      hash: md5
      md5: 13dbe72036aa12e3cf1c8486c5d92262
      size: 18739
    outs:
    - path: data/processed/mnq_intraday.parquet
      hash: md5
      md5: d228bdc8e0fd4298bed3102849f8854e
      size: 13780160
    - path: reports/dataset_prep_summary.json
      hash: md5
      md5: 5fb4f3445f930751bcd7bef2673f6e89
      size: 559
  stage_02_data_quality_validation:
    cmd: "python src/neural_profit/stages/stage_02_data_quality_validation.py --input
      data/processed/mnq_intraday.parquet --output reports/data_validation.json --expected_freq_seconds
      60 --expected_minutes_per_day 451 --max_incomplete_days_ratio 0.01 --max_gap_seconds
      60 --max_total_nan_ratio 0.001 --max_col_nan_ratio 0.002\n"
    deps:
    - path: data/processed/mnq_intraday.parquet
      hash: md5
      md5: d228bdc8e0fd4298bed3102849f8854e
      size: 13780160
    - path: src/neural_profit/stages/stage_02_data_quality_validation.py
      hash: md5
      md5: 24d09230b72bc611a1e70828b642d284
      size: 9297
    params:
      params.yaml:
        data_quality:
          expected_freq_seconds: 60
          expected_minutes_per_day: 451
          max_incomplete_days_ratio: 0.01
          max_gap_seconds: 60
          max_total_nan_ratio: 0.001
          max_col_nan_ratio: 0.002
          allow_weekends: true
    outs:
    - path: reports/data_validation.json
      hash: md5
      md5: a9ecbc39470df18f5d356178a5820af0
      size: 803
