schema: '2.0'
stages:
  stage_00_raw_data_ingestion:
    cmd: python src/neural_profit/stages/stage_00_raw_data_ingestion.py
    deps:
    - path: data/source
      hash: md5
      md5: cec064d8ba304dd490a8c1a2767f2511.dir
      size: 99896000
      nfiles: 22
    - path: src/neural_profit/stages/stage_00_raw_data_ingestion.py
      hash: md5
      md5: 6df5d6bf4903807811d5dc40afa9917e
      size: 18457
    outs:
    - path: data/raw/mnq_raw.parquet
      hash: md5
      md5: 7926c5d3729c93ec15fbff34007adcdf
      size: 33576640
    - path: reports/stage_00_ingest_summary.json
      hash: md5
      md5: 7c72882e80ae3eafcbb47391fe2c5d11
      size: 9647
  stage_01_intraday_data_preparation:
    cmd: python src/neural_profit/stages/stage_01_intraday_data_preparation.py 
      --in-raw-parquet data/raw/mnq_raw.parquet --out-parquet 
      data/processed/mnq_intraday.parquet --report-summary 
      reports/stage_01_dataset_prep_summary.json
    deps:
    - path: data/raw/mnq_raw.parquet
      hash: md5
      md5: 7926c5d3729c93ec15fbff34007adcdf
      size: 33576640
    - path: src/neural_profit/stages/stage_01_intraday_data_preparation.py
      hash: md5
      md5: 86097a796ebc882b988e2b409bc90302
      size: 20456
    outs:
    - path: data/processed/mnq_intraday.parquet
      hash: md5
      md5: d228bdc8e0fd4298bed3102849f8854e
      size: 13780160
    - path: reports/stage_01_dataset_prep_summary.json
      hash: md5
      md5: 3c67e071806b3946a06bf9841183a1fb
      size: 1808
  stage_02_data_quality_validation:
    cmd: python src/neural_profit/stages/stage_02_data_quality_validation.py 
      --input data/processed/mnq_intraday.parquet --output 
      reports/stage_02_data_quality_report.json --expected-freq-seconds 60 
      --expected-minutes-per-day 451 --max-incomplete-days-ratio 0.01 
      --max-gap-seconds 60 --max-total-nan-ratio 0.001 --max-col-nan-ratio 0.002
    deps:
    - path: data/processed/mnq_intraday.parquet
      hash: md5
      md5: d228bdc8e0fd4298bed3102849f8854e
      size: 13780160
    - path: src/neural_profit/stages/stage_02_data_quality_validation.py
      hash: md5
      md5: b40c27164bd1417966dc0fba81aa933b
      size: 20874
    outs:
    - path: reports/stage_02_data_quality_report.json
      hash: md5
      md5: 78d144fc49f0faf9aeb4342feba07500
      size: 2214
  stage_03_target_definition:
    cmd: "python src/neural_profit/stages/stage_03_target_definition.py --input-path
      data/processed/mnq_intraday.parquet --output-labeled-path data/processed/mnq_intraday_labeled.parquet
      --summary-path reports/target_definition_summary.json --date-col date --close-col
      close --horizons 60 90 --base-pts 25.0 --ext-pts 62.5\n"
    deps:
    - path: data/processed/mnq_intraday.parquet
      hash: md5
      md5: d228bdc8e0fd4298bed3102849f8854e
      size: 13780160
    - path: src/neural_profit/stages/stage_03_target_definition.py
      hash: md5
      md5: e9853b46dcdd36279c37ca6ae3cd42a8
      size: 13492
    params:
      params.yaml:
        target_definition.base_pts: 25.0
        target_definition.ext_pts: 62.5
        target_definition.horizons:
        - 60
        - 90
    outs:
    - path: data/processed/mnq_intraday_labeled.parquet
      hash: md5
      md5: 3e6c938b1184de0b0f4e5f40ff388e35
      size: 15992926
    - path: reports/target_definition_summary.json
      hash: md5
      md5: 9a8be49b3b7a578d14668b68217a8c77
      size: 5212
  stage_03a_target_investigation:
    cmd: python src/neural_profit/stages/stage_03a_target_investigation.py 
      --in-intraday-parquet data/processed/mnq_intraday.parquet --report-summary
      reports/stage_03a_target_investigation_summary.json
    deps:
    - path: data/processed/mnq_intraday.parquet
      hash: md5
      md5: d228bdc8e0fd4298bed3102849f8854e
      size: 13780160
    - path: src/neural_profit/stages/stage_03a_target_investigation.py
      hash: md5
      md5: 93e6642cf09c1a977bbf912c7222f0e6
      size: 23810
    outs:
    - path: reports/stage_03a_target_investigation_summary.json
      hash: md5
      md5: 58f78391b3f626475668f43edb6c1d52
      size: 2492
  stage_03b_target_definition:
    cmd: python src/neural_profit/stages/stage_03b_target_definition.py 
      --in-intraday-parquet data/processed/mnq_intraday.parquet 
      --in-stage03a-summary reports/stage_03a_target_investigation_summary.json 
      --out-labeled-parquet data/processed/mnq_intraday_labeled.parquet 
      --report-summary reports/stage_03b_target_definition_summary.json
    deps:
    - path: data/processed/mnq_intraday.parquet
      hash: md5
      md5: d228bdc8e0fd4298bed3102849f8854e
      size: 13780160
    - path: reports/stage_03a_target_investigation_summary.json
      hash: md5
      md5: 58f78391b3f626475668f43edb6c1d52
      size: 2492
    - path: src/neural_profit/stages/stage_03b_target_definition.py
      hash: md5
      md5: c53749d5e44f192ee83832ab5e47f446
      size: 24624
    outs:
    - path: data/processed/mnq_intraday_labeled.parquet
      hash: md5
      md5: ddf1701e17ced9ed5e7e9f4127cac3ba
      size: 14009069
    - path: reports/stage_03b_target_definition_summary.json
      hash: md5
      md5: 532303a2043a6b764f075a8ee8ef6f4a
      size: 22160
  stage_04_feature_engineering:
    cmd: python src/neural_profit/stages/stage_04_feature_engineering.py 
      --in-labeled-parquet data/processed/mnq_intraday_labeled.parquet 
      --out-features-parquet data/features/mnq_features_target.parquet 
      --report-summary reports/stage_04_feature_engineering_summary.json 
      --use-volume --dropna-policy any --enable-mlflow
    deps:
    - path: data/processed/mnq_intraday_labeled.parquet
      hash: md5
      md5: ddf1701e17ced9ed5e7e9f4127cac3ba
      size: 14009069
    - path: src/neural_profit/stages/stage_04_feature_engineering.py
      hash: md5
      md5: b495c32db409960b63473db1e532de48
      size: 18845
    outs:
    - path: data/features/mnq_features_target.parquet
      hash: md5
      md5: 9d18d1247fa0d63a7e358ba7d7028389
      size: 29847936
    - path: reports/stage_04_feature_engineering_summary.json
      hash: md5
      md5: 54391eb77e5955afaa22d779690605e8
      size: 1763
  stage_05_time_aware_data_splitting:
    cmd: python src/neural_profit/stages/stage_05_time_aware_data_splitting.py 
      --in-parquet data/features/mnq_features_target.parquet --in-schema-summary
      reports/stage_04_feature_engineering_summary.json --params-yaml 
      params.yaml --out-train-parquet data/splits/mnq_train.parquet 
      --out-valid-parquet data/splits/mnq_valid.parquet --out-test-parquet 
      data/splits/mnq_test.parquet --out-splits-json data/splits/splits.json 
      --report-summary reports/stage_05_time_aware_data_splitting_summary.json
    deps:
    - path: data/features/mnq_features_target.parquet
      hash: md5
      md5: 9d18d1247fa0d63a7e358ba7d7028389
      size: 29847936
    - path: params.yaml
      hash: md5
      md5: 58b5bb539e63281a4463102e4e39f7fb
      size: 730
    - path: reports/stage_04_feature_engineering_summary.json
      hash: md5
      md5: 54391eb77e5955afaa22d779690605e8
      size: 1763
    - path: src/neural_profit/stages/stage_05_time_aware_data_splitting.py
      hash: md5
      md5: 287f2cfd97669e24c796dc845ca12237
      size: 20968
    params:
      params.yaml:
        stage_05.expected_gap_minutes: 1
        stage_05.train_ratio: 0.7
        stage_05.valid_ratio: 0.15
    outs:
    - path: data/splits/mnq_test.parquet
      hash: md5
      md5: 0cba2f5869a41aff70db1dc94d2fe9f3
      size: 5257549
    - path: data/splits/mnq_train.parquet
      hash: md5
      md5: 476eaaf051060034bfe7e96d3612ca9e
      size: 21241442
    - path: data/splits/mnq_valid.parquet
      hash: md5
      md5: f85f7dfe7948bf0c08b395589320bf6c
      size: 5256136
    - path: data/splits/splits.json
      hash: md5
      md5: d4d3ec3861dbbee49965eaf102ee9272
      size: 24902
    - path: reports/stage_05_time_aware_data_splitting_summary.json
      hash: md5
      md5: d73ebb93888f225382eb78bdfa34a102
      size: 32670
  stage_06_window_scaling_seq2seq:
    cmd: python src/neural_profit/stages/stage_06_window_scaling_seq2seq.py 
      --in-train data/splits/mnq_train.parquet --in-valid 
      data/splits/mnq_valid.parquet --in-test  data/splits/mnq_test.parquet 
      --in-stage04-summary reports/stage_04_feature_engineering_summary.json 
      --in-stage03b-summary reports/stage_03b_target_definition_summary.json 
      --out-windows-dir data/windows --out-scaled-dir data/windows/scaled 
      --report-summary reports/stage_06_window_scaling_seq2seq_summary.json
    deps:
    - path: data/splits/mnq_test.parquet
      hash: md5
      md5: 0cba2f5869a41aff70db1dc94d2fe9f3
      size: 5257549
    - path: data/splits/mnq_train.parquet
      hash: md5
      md5: 476eaaf051060034bfe7e96d3612ca9e
      size: 21241442
    - path: data/splits/mnq_valid.parquet
      hash: md5
      md5: f85f7dfe7948bf0c08b395589320bf6c
      size: 5256136
    - path: params.yaml
      hash: md5
      md5: 58b5bb539e63281a4463102e4e39f7fb
      size: 730
    - path: reports/stage_03b_target_definition_summary.json
      hash: md5
      md5: 532303a2043a6b764f075a8ee8ef6f4a
      size: 22160
    - path: reports/stage_04_feature_engineering_summary.json
      hash: md5
      md5: 54391eb77e5955afaa22d779690605e8
      size: 1763
    - path: src/neural_profit/stages/stage_06_window_scaling_seq2seq.py
      hash: md5
      md5: 58fad44ff207c4d639a9738faff048fe
      size: 27602
    params:
      params.yaml:
        stage_06.date_col: date
        stage_06.drop_feature_h60: roc_30
        stage_06.drop_feature_h90: roc_60
        stage_06.horizons:
        - 60
        - 90
        stage_06.scaler_type: standard
        stage_06.timezone_str: America/New_York
    outs:
    - path: data/windows/scaled/scaler_60.pkl
      hash: md5
      md5: c9c64a223660ac23988b158bd45ff9e0
      size: 735
    - path: data/windows/scaled/scaler_90.pkl
      hash: md5
      md5: ed6e1110657ae388378c779b094669d9
      size: 735
    - path: data/windows/scaled/windows_test_60_z.npz
      hash: md5
      md5: 6b4efbb4a3249e7fa126a46fac024f3e
      size: 284505
    - path: data/windows/scaled/windows_test_90_z.npz
      hash: md5
      md5: ac68d241381a49eb78557fbd97b30557
      size: 285050
    - path: data/windows/scaled/windows_train_60_z.npz
      hash: md5
      md5: e9278a8364747c2f669233449a6e7ce7
      size: 1313806
    - path: data/windows/scaled/windows_train_90_z.npz
      hash: md5
      md5: dd5ea9e3cd0dc3587f0b0baf69c32404
      size: 1315270
    - path: data/windows/scaled/windows_valid_60_z.npz
      hash: md5
      md5: 3e965092dec1b89fb077081c9e632566
      size: 279953
    - path: data/windows/scaled/windows_valid_90_z.npz
      hash: md5
      md5: 059df9f219fcfe5805210796d8117c91
      size: 280414
    - path: data/windows/windows_test_60.npz
      hash: md5
      md5: e75439c2d1b846f316fbe84b66e9b1e4
      size: 198446
    - path: data/windows/windows_test_90.npz
      hash: md5
      md5: e5c09d56913bb1b8b87cb89858d8cdca
      size: 199104
    - path: data/windows/windows_train_60.npz
      hash: md5
      md5: 02511a1de38a5fc8d6b3d19d400aeb1a
      size: 904940
    - path: data/windows/windows_train_90.npz
      hash: md5
      md5: 273214401d6863064ab2478cb9780389
      size: 907058
    - path: data/windows/windows_valid_60.npz
      hash: md5
      md5: 82045d11fd92e34c34612faf18eab1ef
      size: 194715
    - path: data/windows/windows_valid_90.npz
      hash: md5
      md5: ee22404df0ab61d8ea104467f39f37e4
      size: 195264
    - path: reports/stage_06_window_scaling_seq2seq_summary.json
      hash: md5
      md5: 2aebebb6200e1a03ed27b478c348cd0a
      size: 6277
